
Microsoft Visual Studio Solution File, Format Version 12.00
# Visual Studio 15
VisualStudioVersion = 15.0.26124.0
MinimumVisualStudioVersion = 15.0.26124.0
Project("{FAE04EC0-301F-11D3-BF4B-00C04F79EFBC}") = "Dominio", "Dominio\Dominio.csproj", "{F12D1687-F868-4D24-9FB3-20952BA3FF4E}"
EndProject
Project("{FAE04EC0-301F-11D3-BF4B-00C04F79EFBC}") = "Aplicacion", "Aplicacion\Aplicacion.csproj", "{FA854E5F-7EEB-4569-8AFE-26F49E003F71}"
EndProject
Project("{FAE04EC0-301F-11D3-BF4B-00C04F79EFBC}") = "Persistencia", "Persistencia\Persistencia.csproj", "{870C9CEF-7D80-470D-AB9B-0FB8E81BD85F}"
EndProject
Project("{FAE04EC0-301F-11D3-BF4B-00C04F79EFBC}") = "WebAPI", "WebAPI\WebAPI.csproj", "{F860F3F1-6C0B-48D4-9303-E71737AD61B8}"
EndProject
Global
	GlobalSection(SolutionConfigurationPlatforms) = preSolution
		Debug|Any CPU = Debug|Any CPU
		Debug|x64 = Debug|x64
		Debug|x86 = Debug|x86
		Release|Any CPU = Release|Any CPU
		Release|x64 = Release|x64
		Release|x86 = Release|x86
	EndGlobalSection
	GlobalSection(SolutionProperties) = preSolution
		HideSolutionNode = FALSE
	EndGlobalSection
	GlobalSection(ProjectConfigurationPlatforms) = postSolution
		{F12D1687-F868-4D24-9FB3-20952BA3FF4E}.Debug|Any CPU.ActiveCfg = Debug|Any CPU
		{F12D1687-F868-4D24-9FB3-20952BA3FF4E}.Debug|Any CPU.Build.0 = Debug|Any CPU
		{F12D1687-F868-4D24-9FB3-20952BA3FF4E}.Debug|x64.ActiveCfg = Debug|Any CPU
		{F12D1687-F868-4D24-9FB3-20952BA3FF4E}.Debug|x64.Build.0 = Debug|Any CPU
		{F12D1687-F868-4D24-9FB3-20952BA3FF4E}.Debug|x86.ActiveCfg = Debug|Any CPU
		{F12D1687-F868-4D24-9FB3-20952BA3FF4E}.Debug|x86.Build.0 = Debug|Any CPU
		{F12D1687-F868-4D24-9FB3-20952BA3FF4E}.Release|Any CPU.ActiveCfg = Release|Any CPU
		{F12D1687-F868-4D24-9FB3-20952BA3FF4E}.Release|Any CPU.Build.0 = Release|Any CPU
		{F12D1687-F868-4D24-9FB3-20952BA3FF4E}.Release|x64.ActiveCfg = Release|Any CPU
		{F12D1687-F868-4D24-9FB3-20952BA3FF4E}.Release|x64.Build.0 = Release|Any CPU
		{F12D1687-F868-4D24-9FB3-20952BA3FF4E}.Release|x86.ActiveCfg = Release|Any CPU
		{F12D1687-F868-4D24-9FB3-20952BA3FF4E}.Release|x86.Build.0 = Release|Any CPU
		{FA854E5F-7EEB-4569-8AFE-26F49E003F71}.Debug|Any CPU.ActiveCfg = Debug|Any CPU
		{FA854E5F-7EEB-4569-8AFE-26F49E003F71}.Debug|Any CPU.Build.0 = Debug|Any CPU
		{FA854E5F-7EEB-4569-8AFE-26F49E003F71}.Debug|x64.ActiveCfg = Debug|Any CPU
		{FA854E5F-7EEB-4569-8AFE-26F49E003F71}.Debug|x64.Build.0 = Debug|Any CPU
		{FA854E5F-7EEB-4569-8AFE-26F49E003F71}.Debug|x86.ActiveCfg = Debug|Any CPU
		{FA854E5F-7EEB-4569-8AFE-26F49E003F71}.Debug|x86.Build.0 = Debug|Any CPU
		{FA854E5F-7EEB-4569-8AFE-26F49E003F71}.Release|Any CPU.ActiveCfg = Release|Any CPU
		{FA854E5F-7EEB-4569-8AFE-26F49E003F71}.Release|Any CPU.Build.0 = Release|Any CPU
		{FA854E5F-7EEB-4569-8AFE-26F49E003F71}.Release|x64.ActiveCfg = Release|Any CPU
		{FA854E5F-7EEB-4569-8AFE-26F49E003F71}.Release|x64.Build.0 = Release|Any CPU
		{FA854E5F-7EEB-4569-8AFE-26F49E003F71}.Release|x86.ActiveCfg = Release|Any CPU
		{FA854E5F-7EEB-4569-8AFE-26F49E003F71}.Release|x86.Build.0 = Release|Any CPU
		{870C9CEF-7D80-470D-AB9B-0FB8E81BD85F}.Debug|Any CPU.ActiveCfg = Debug|Any CPU
		{870C9CEF-7D80-470D-AB9B-0FB8E81BD85F}.Debug|Any CPU.Build.0 = Debug|Any CPU
		{870C9CEF-7D80-470D-AB9B-0FB8E81BD85F}.Debug|x64.ActiveCfg = Debug|Any CPU
		{870C9CEF-7D80-470D-AB9B-0FB8E81BD85F}.Debug|x64.Build.0 = Debug|Any CPU
		{870C9CEF-7D80-470D-AB9B-0FB8E81BD85F}.Debug|x86.ActiveCfg = Debug|Any CPU
		{870C9CEF-7D80-470D-AB9B-0FB8E81BD85F}.Debug|x86.Build.0 = Debug|Any CPU
		{870C9CEF-7D80-470D-AB9B-0FB8E81BD85F}.Release|Any CPU.ActiveCfg = Release|Any CPU
		{870C9CEF-7D80-470D-AB9B-0FB8E81BD85F}.Release|Any CPU.Build.0 = Release|Any CPU
		{870C9CEF-7D80-470D-AB9B-0FB8E81BD85F}.Release|x64.ActiveCfg = Release|Any CPU
		{870C9CEF-7D80-470D-AB9B-0FB8E81BD85F}.Release|x64.Build.0 = Release|Any CPU
		{870C9CEF-7D80-470D-AB9B-0FB8E81BD85F}.Release|x86.ActiveCfg = Release|Any CPU
		{870C9CEF-7D80-470D-AB9B-0FB8E81BD85F}.Release|x86.Build.0 = Release|Any CPU
		{F860F3F1-6C0B-48D4-9303-E71737AD61B8}.Debug|Any CPU.ActiveCfg = Debug|Any CPU
		{F860F3F1-6C0B-48D4-9303-E71737AD61B8}.Debug|Any CPU.Build.0 = Debug|Any CPU
		{F860F3F1-6C0B-48D4-9303-E71737AD61B8}.Debug|x64.ActiveCfg = Debug|Any CPU
		{F860F3F1-6C0B-48D4-9303-E71737AD61B8}.Debug|x64.Build.0 = Debug|Any CPU
		{F860F3F1-6C0B-48D4-9303-E71737AD61B8}.Debug|x86.ActiveCfg = Debug|Any CPU
		{F860F3F1-6C0B-48D4-9303-E71737AD61B8}.Debug|x86.Build.0 = Debug|Any CPU
		{F860F3F1-6C0B-48D4-9303-E71737AD61B8}.Release|Any CPU.ActiveCfg = Release|Any CPU
		{F860F3F1-6C0B-48D4-9303-E71737AD61B8}.Release|Any CPU.Build.0 = Release|Any CPU
		{F860F3F1-6C0B-48D4-9303-E71737AD61B8}.Release|x64.ActiveCfg = Release|Any CPU
		{F860F3F1-6C0B-48D4-9303-E71737AD61B8}.Release|x64.Build.0 = Release|Any CPU
		{F860F3F1-6C0B-48D4-9303-E71737AD61B8}.Release|x86.ActiveCfg = Release|Any CPU
		{F860F3F1-6C0B-48D4-9303-E71737AD61B8}.Release|x86.Build.0 = Release|Any CPU
	EndGlobalSection
EndGlobal
